
Microsoft Visual Studio Solution File, Format Version 12.00
# Visual Studio 15
VisualStudioVersion = 15.0.26124.0
MinimumVisualStudioVersion = 15.0.26124.0
Project("{FAE04EC0-301F-11D3-BF4B-00C04F79EFBC}") = "CSVLibrary", "CSVLibrary\CSVLibrary.csproj", "{CAF91BBF-276B-4EA0-B3FF-E7CEDC2ED753}"
EndProject
Project("{FAE04EC0-301F-11D3-BF4B-00C04F79EFBC}") = "ConsoleUI", "ConsoleUI\ConsoleUI.csproj", "{3956A7B4-5DD8-453A-9316-7166A2349987}"
EndProject
Global
	GlobalSection(SolutionConfigurationPlatforms) = preSolution
		Debug|Any CPU = Debug|Any CPU
		Debug|x64 = Debug|x64
		Debug|x86 = Debug|x86
		Release|Any CPU = Release|Any CPU
		Release|x64 = Release|x64
		Release|x86 = Release|x86
	EndGlobalSection
	GlobalSection(SolutionProperties) = preSolution
		HideSolutionNode = FALSE
	EndGlobalSection
	GlobalSection(ProjectConfigurationPlatforms) = postSolution
		{CAF91BBF-276B-4EA0-B3FF-E7CEDC2ED753}.Debug|Any CPU.ActiveCfg = Debug|Any CPU
		{CAF91BBF-276B-4EA0-B3FF-E7CEDC2ED753}.Debug|Any CPU.Build.0 = Debug|Any CPU
		{CAF91BBF-276B-4EA0-B3FF-E7CEDC2ED753}.Debug|x64.ActiveCfg = Debug|Any CPU
		{CAF91BBF-276B-4EA0-B3FF-E7CEDC2ED753}.Debug|x64.Build.0 = Debug|Any CPU
		{CAF91BBF-276B-4EA0-B3FF-E7CEDC2ED753}.Debug|x86.ActiveCfg = Debug|Any CPU
		{CAF91BBF-276B-4EA0-B3FF-E7CEDC2ED753}.Debug|x86.Build.0 = Debug|Any CPU
		{CAF91BBF-276B-4EA0-B3FF-E7CEDC2ED753}.Release|Any CPU.ActiveCfg = Release|Any CPU
		{CAF91BBF-276B-4EA0-B3FF-E7CEDC2ED753}.Release|Any CPU.Build.0 = Release|Any CPU
		{CAF91BBF-276B-4EA0-B3FF-E7CEDC2ED753}.Release|x64.ActiveCfg = Release|Any CPU
		{CAF91BBF-276B-4EA0-B3FF-E7CEDC2ED753}.Release|x64.Build.0 = Release|Any CPU
		{CAF91BBF-276B-4EA0-B3FF-E7CEDC2ED753}.Release|x86.ActiveCfg = Release|Any CPU
		{CAF91BBF-276B-4EA0-B3FF-E7CEDC2ED753}.Release|x86.Build.0 = Release|Any CPU
		{3956A7B4-5DD8-453A-9316-7166A2349987}.Debug|Any CPU.ActiveCfg = Debug|Any CPU
		{3956A7B4-5DD8-453A-9316-7166A2349987}.Debug|Any CPU.Build.0 = Debug|Any CPU
		{3956A7B4-5DD8-453A-9316-7166A2349987}.Debug|x64.ActiveCfg = Debug|Any CPU
		{3956A7B4-5DD8-453A-9316-7166A2349987}.Debug|x64.Build.0 = Debug|Any CPU
		{3956A7B4-5DD8-453A-9316-7166A2349987}.Debug|x86.ActiveCfg = Debug|Any CPU
		{3956A7B4-5DD8-453A-9316-7166A2349987}.Debug|x86.Build.0 = Debug|Any CPU
		{3956A7B4-5DD8-453A-9316-7166A2349987}.Release|Any CPU.ActiveCfg = Release|Any CPU
		{3956A7B4-5DD8-453A-9316-7166A2349987}.Release|Any CPU.Build.0 = Release|Any CPU
		{3956A7B4-5DD8-453A-9316-7166A2349987}.Release|x64.ActiveCfg = Release|Any CPU
		{3956A7B4-5DD8-453A-9316-7166A2349987}.Release|x64.Build.0 = Release|Any CPU
		{3956A7B4-5DD8-453A-9316-7166A2349987}.Release|x86.ActiveCfg = Release|Any CPU
		{3956A7B4-5DD8-453A-9316-7166A2349987}.Release|x86.Build.0 = Release|Any CPU
	EndGlobalSection
EndGlobal
